# This file was autogenerated by Stack.
# You should not edit this file by hand.
# For more information, please see the documentation at:
#   https://docs.haskellstack.org/en/stable/topics/lock_files

packages:
- completed:
    hackage: qrcode-core-0.9.10@sha256:2b0ec01ed8eed344c3ed6885310016dc42113af79426ffbcca41ac384ca9db5c,2590
    pantry-tree:
      sha256: 7d553071ca91502794bfd508ead7382ea8e640ba3ed66b0d031eb05f25227a88
      size: 2485
  original:
    hackage: qrcode-core-0.9.10@sha256:2b0ec01ed8eed344c3ed6885310016dc42113af79426ffbcca41ac384ca9db5c,2590
snapshots:
- completed:
    sha256: 400dfb2174640dd2f9f2ba7cbf9148699f2380ab64faa46f4be298a5d6205316
    size: 684057
    url: https://raw.githubusercontent.com/commercialhaskell/stackage-snapshots/master/lts/23/24.yaml
  original:
    url: https://raw.githubusercontent.com/commercialhaskell/stackage-snapshots/master/lts/23/24.yaml
